
Microsoft Visual Studio Solution File, Format Version 12.00
# Visual Studio Version 17
VisualStudioVersion = 17.8.34322.80
MinimumVisualStudioVersion = 10.0.40219.1
Project("{9A19103F-16F7-4668-BE54-9A1E7A4F7556}") = "CSharp AzureDevopsNotifier", "CSharp AzureDevopsNotifier\CSharp AzureDevopsNotifier.csproj", "{9EBC0530-8757-48B8-91D5-F13A76EBECAE}"
EndProject
Project("{FAE04EC0-301F-11D3-BF4B-00C04F79EFBC}") = "CSharp AzureDevopsNotifier.Tests", "CSharp AzureDevopsNotifier.Tests\CSharp AzureDevopsNotifier.Tests.csproj", "{2B8BE4F2-CCDD-47E9-8D4C-3E3E15909532}"
EndProject
Global
	GlobalSection(SolutionConfigurationPlatforms) = preSolution
		Debug|Any CPU = Debug|Any CPU
		Release|Any CPU = Release|Any CPU
	EndGlobalSection
	GlobalSection(ProjectConfigurationPlatforms) = postSolution
		{9EBC0530-8757-48B8-91D5-F13A76EBECAE}.Debug|Any CPU.ActiveCfg = Debug|Any CPU
		{9EBC0530-8757-48B8-91D5-F13A76EBECAE}.Debug|Any CPU.Build.0 = Debug|Any CPU
		{9EBC0530-8757-48B8-91D5-F13A76EBECAE}.Release|Any CPU.ActiveCfg = Release|Any CPU
		{9EBC0530-8757-48B8-91D5-F13A76EBECAE}.Release|Any CPU.Build.0 = Release|Any CPU
		{2B8BE4F2-CCDD-47E9-8D4C-3E3E15909532}.Debug|Any CPU.ActiveCfg = Debug|Any CPU
		{2B8BE4F2-CCDD-47E9-8D4C-3E3E15909532}.Debug|Any CPU.Build.0 = Debug|Any CPU
		{2B8BE4F2-CCDD-47E9-8D4C-3E3E15909532}.Release|Any CPU.ActiveCfg = Release|Any CPU
		{2B8BE4F2-CCDD-47E9-8D4C-3E3E15909532}.Release|Any CPU.Build.0 = Release|Any CPU
	EndGlobalSection
	GlobalSection(SolutionProperties) = preSolution
		HideSolutionNode = FALSE
	EndGlobalSection
	GlobalSection(ExtensibilityGlobals) = postSolution
		SolutionGuid = {042662B1-4B23-4E1A-89DC-0C78AA379D0F}
	EndGlobalSection
EndGlobal
